{
  "name": "shamsidatehandler",
  "version": "1.0.0",
  "lockfileVersion": 1,
  "requires": true,
  "dependencies": {
    "moment": {
      "version": "2.25.3",
      "resolved": "https://registry.npmjs.org/moment/-/moment-2.25.3.tgz",
      "integrity": "sha512-PuYv0PHxZvzc15Sp8ybUCoQ+xpyPWvjOuK72a5ovzp2LI32rJXOiIfyoFoYvG3s6EwwrdkMyWuRiEHSZRLJNdg=="
    },
    "moment-hijri": {
      "version": "2.1.2",
      "resolved": "https://registry.npmjs.org/moment-hijri/-/moment-hijri-2.1.2.tgz",
      "integrity": "sha512-p5ZOA1UzBHAAXiePh37XRjjwuyH78+1ShYZ7R6jogxketewG7kTCUjUmcP9c4Qsx8D8cqxwUWrESjtgdT6tNoA==",
      "requires": {
        "moment": "^2.24.0"
      }
    }
  }
}
